// !$*UTF8*$!
{
	archiveVersion = 1;
	classes = {
	};
	objectVersion = 46;
	objects = {

/* Begin PBXBuildFile section */
		44E5DC751BBE242D00096DA9 /* AppDelegate.swift in Sources */ = {isa = PBXBuildFile; fileRef = 44E5DC741BBE242D00096DA9 /* AppDelegate.swift */; };
		44E5DC771BBE242D00096DA9 /* ViewController.swift in Sources */ = {isa = PBXBuildFile; fileRef = 44E5DC761BBE242D00096DA9 /* ViewController.swift */; };
		44E5DC7A1BBE242D00096DA9 /* Main.storyboard in Resources */ = {isa = PBXBuildFile; fileRef = 44E5DC781BBE242D00096DA9 /* Main.storyboard */; };
		44E5DC7C1BBE242D00096DA9 /* Assets.xcassets in Resources */ = {isa = PBXBuildFile; fileRef = 44E5DC7B1BBE242D00096DA9 /* Assets.xcassets */; };
		44E5DC7F1BBE242D00096DA9 /* LaunchScreen.storyboard in Resources */ = {isa = PBXBuildFile; fileRef = 44E5DC7D1BBE242D00096DA9 /* LaunchScreen.storyboard */; };
		44E5DC8A1BBE242D00096DA9 /* helloTests.swift in Sources */ = {isa = PBXBuildFile; fileRef = 44E5DC891BBE242D00096DA9 /* helloTests.swift */; };
		44E5DC951BBE242D00096DA9 /* helloUITests.swift in Sources */ = {isa = PBXBuildFile; fileRef = 44E5DC941BBE242D00096DA9 /* helloUITests.swift */; };
/* End PBXBuildFile section */

/* Begin PBXContainerItemProxy section */
		44E5DC861BBE242D00096DA9 /* PBXContainerItemProxy */ = {
			isa = PBXContainerItemProxy;
			containerPortal = 44E5DC691BBE242D00096DA9 /* Project object */;
			proxyType = 1;
			remoteGlobalIDString = 44E5DC701BBE242D00096DA9;
			remoteInfo = hello;
		};
		44E5DC911BBE242D00096DA9 /* PBXContainerItemProxy */ = {
			isa = PBXContainerItemProxy;
			containerPortal = 44E5DC691BBE242D00096DA9 /* Project object */;
			proxyType = 1;
			remoteGlobalIDString = 44E5DC701BBE242D00096DA9;
			remoteInfo = hello;
		};
/* End PBXContainerItemProxy section */

/* Begin PBXFileReference section */
		44E5DC711BBE242D00096DA9 /* hello.app */ = {isa = PBXFileReference; explicitFileType = wrapper.application; includeInIndex = 0; path = hello.app; sourceTree = BUILT_PRODUCTS_DIR; };
		44E5DC741BBE242D00096DA9 /* AppDelegate.swift */ = {isa = PBXFileReference; lastKnownFileType = sourcecode.swift; path = AppDelegate.swift; sourceTree = "<group>"; };
		44E5DC761BBE242D00096DA9 /* ViewController.swift */ = {isa = PBXFileReference; lastKnownFileType = sourcecode.swift; path = ViewController.swift; sourceTree = "<group>"; };
		44E5DC791BBE242D00096DA9 /* Base */ = {isa = PBXFileReference; lastKnownFileType = file.storyboard; name = Base; path = Base.lproj/Main.storyboard; sourceTree = "<group>"; };
		44E5DC7B1BBE242D00096DA9 /* Assets.xcassets */ = {isa = PBXFileReference; lastKnownFileType = folder.assetcatalog; path = Assets.xcassets; sourceTree = "<group>"; };
		44E5DC7E1BBE242D00096DA9 /* Base */ = {isa = PBXFileReference; lastKnownFileType = file.storyboard; name = Base; path = Base.lproj/LaunchScreen.storyboard; sourceTree = "<group>"; };
		44E5DC801BBE242D00096DA9 /* Info.plist */ = {isa = PBXFileReference; lastKnownFileType = text.plist.xml; path = Info.plist; sourceTree = "<group>"; };
		44E5DC851BBE242D00096DA9 /* helloTests.xctest */ = {isa = PBXFileReference; explicitFileType = wrapper.cfbundle; includeInIndex = 0; path = helloTests.xctest; sourceTree = BUILT_PRODUCTS_DIR; };
		44E5DC891BBE242D00096DA9 /* helloTests.swift */ = {isa = PBXFileReference; lastKnownFileType = sourcecode.swift; path = helloTests.swift; sourceTree = "<group>"; };
		44E5DC8B1BBE242D00096DA9 /* Info.plist */ = {isa = PBXFileReference; lastKnownFileType = text.plist.xml; path = Info.plist; sourceTree = "<group>"; };
		44E5DC901BBE242D00096DA9 /* helloUITests.xctest */ = {isa = PBXFileReference; explicitFileType = wrapper.cfbundle; includeInIndex = 0; path = helloUITests.xctest; sourceTree = BUILT_PRODUCTS_DIR; };
		44E5DC941BBE242D00096DA9 /* helloUITests.swift */ = {isa = PBXFileReference; lastKnownFileType = sourcecode.swift; path = helloUITests.swift; sourceTree = "<group>"; };
		44E5DC961BBE242D00096DA9 /* Info.plist */ = {isa = PBXFileReference; lastKnownFileType = text.plist.xml; path = Info.plist; sourceTree = "<group>"; };
/* End PBXFileReference section */

/* Begin PBXFrameworksBuildPhase section */
		44E5DC6E1BBE242D00096DA9 /* Frameworks */ = {
			isa = PBXFrameworksBuildPhase;
			buildActionMask = 2147483647;
			files = (
			);
			runOnlyForDeploymentPostprocessing = 0;
		};
		44E5DC821BBE242D00096DA9 /* Frameworks */ = {
			isa = PBXFrameworksBuildPhase;
			buildActionMask = 2147483647;
			files = (
			);
			runOnlyForDeploymentPostprocessing = 0;
		};
		44E5DC8D1BBE242D00096DA9 /* Frameworks */ = {
			isa = PBXFrameworksBuildPhase;
			buildActionMask = 2147483647;
			files = (
			);
			runOnlyForDeploymentPostprocessing = 0;
		};
/* End PBXFrameworksBuildPhase section */

/* Begin PBXGroup section */
		44E5DC681BBE242D00096DA9 = {
			isa = PBXGroup;
			children = (
				44E5DC731BBE242D00096DA9 /* hello */,
				44E5DC881BBE242D00096DA9 /* helloTests */,
				44E5DC931BBE242D00096DA9 /* helloUITests */,
				44E5DC721BBE242D00096DA9 /* Products */,
			);
			sourceTree = "<group>";
		};
		44E5DC721BBE242D00096DA9 /* Products */ = {
			isa = PBXGroup;
			children = (
				44E5DC711BBE242D00096DA9 /* hello.app */,
				44E5DC851BBE242D00096DA9 /* helloTests.xctest */,
				44E5DC901BBE242D00096DA9 /* helloUITests.xctest */,
			);
			name = Products;
			sourceTree = "<group>";
		};
		44E5DC731BBE242D00096DA9 /* hello */ = {
			isa = PBXGroup;
			children = (
				44E5DC741BBE242D00096DA9 /* AppDelegate.swift */,
				44E5DC761BBE242D00096DA9 /* ViewController.swift */,
				44E5DC781BBE242D00096DA9 /* Main.storyboard */,
				44E5DC7B1BBE242D00096DA9 /* Assets.xcassets */,
				44E5DC7D1BBE242D00096DA9 /* LaunchScreen.storyboard */,
				44E5DC801BBE242D00096DA9 /* Info.plist */,
			);
			path = hello;
			sourceTree = "<group>";
		};
		44E5DC881BBE242D00096DA9 /* helloTests */ = {
			isa = PBXGroup;
			children = (
				44E5DC891BBE242D00096DA9 /* helloTests.swift */,
				44E5DC8B1BBE242D00096DA9 /* Info.plist */,
			);
			path = helloTests;
			sourceTree = "<group>";
		};
		44E5DC931BBE242D00096DA9 /* helloUITests */ = {
			isa = PBXGroup;
			children = (
				44E5DC941BBE242D00096DA9 /* helloUITests.swift */,
				44E5DC961BBE242D00096DA9 /* Info.plist */,
			);
			path = helloUITests;
			sourceTree = "<group>";
		};
/* End PBXGroup section */

/* Begin PBXNativeTarget section */
		44E5DC701BBE242D00096DA9 /* hello */ = {
			isa = PBXNativeTarget;
			buildConfigurationList = 44E5DC991BBE242D00096DA9 /* Build configuration list for PBXNativeTarget "hello" */;
			buildPhases = (
				44E5DC6D1BBE242D00096DA9 /* Sources */,
				44E5DC6E1BBE242D00096DA9 /* Frameworks */,
				44E5DC6F1BBE242D00096DA9 /* Resources */,
			);
			buildRules = (
			);
			dependencies = (
			);
			name = hello;
			productName = hello;
			productReference = 44E5DC711BBE242D00096DA9 /* hello.app */;
			productType = "com.apple.product-type.application";
		};
		44E5DC841BBE242D00096DA9 /* helloTests */ = {
			isa = PBXNativeTarget;
			buildConfigurationList = 44E5DC9C1BBE242D00096DA9 /* Build configuration list for PBXNativeTarget "helloTests" */;
			buildPhases = (
				44E5DC811BBE242D00096DA9 /* Sources */,
				44E5DC821BBE242D00096DA9 /* Frameworks */,
				44E5DC831BBE242D00096DA9 /* Resources */,
			);
			buildRules = (
			);
			dependencies = (
				44E5DC871BBE242D00096DA9 /* PBXTargetDependency */,
			);
			name = helloTests;
			productName = helloTests;
			productReference = 44E5DC851BBE242D00096DA9 /* helloTests.xctest */;
			productType = "com.apple.product-type.bundle.unit-test";
		};
		44E5DC8F1BBE242D00096DA9 /* helloUITests */ = {
			isa = PBXNativeTarget;
			buildConfigurationList = 44E5DC9F1BBE242D00096DA9 /* Build configuration list for PBXNativeTarget "helloUITests" */;
			buildPhases = (
				44E5DC8C1BBE242D00096DA9 /* Sources */,
				44E5DC8D1BBE242D00096DA9 /* Frameworks */,
				44E5DC8E1BBE242D00096DA9 /* Resources */,
			);
			buildRules = (
			);
			dependencies = (
				44E5DC921BBE242D00096DA9 /* PBXTargetDependency */,
			);
			name = helloUITests;
			productName = helloUITests;
			productReference = 44E5DC901BBE242D00096DA9 /* helloUITests.xctest */;
			productType = "com.apple.product-type.bundle.ui-testing";
		};
/* End PBXNativeTarget section */

/* Begin PBXProject section */
		44E5DC691BBE242D00096DA9 /* Project object */ = {
			isa = PBXProject;
			attributes = {
				LastUpgradeCheck = 0700;
				ORGANIZATIONNAME = "Megan Hodge";
				TargetAttributes = {
					44E5DC701BBE242D00096DA9 = {
						CreatedOnToolsVersion = 7.0.1;
						DevelopmentTeam = KND7QC3W68;
					};
					44E5DC841BBE242D00096DA9 = {
						CreatedOnToolsVersion = 7.0.1;
						TestTargetID = 44E5DC701BBE242D00096DA9;
					};
					44E5DC8F1BBE242D00096DA9 = {
						CreatedOnToolsVersion = 7.0.1;
						TestTargetID = 44E5DC701BBE242D00096DA9;
					};
				};
			};
			buildConfigurationList = 44E5DC6C1BBE242D00096DA9 /* Build configuration list for PBXProject "hello" */;
			compatibilityVersion = "Xcode 3.2";
			developmentRegion = English;
			hasScannedForEncodings = 0;
			knownRegions = (
				en,
				Base,
			);
			mainGroup = 44E5DC681BBE242D00096DA9;
			productRefGroup = 44E5DC721BBE242D00096DA9 /* Products */;
			projectDirPath = "";
			projectRoot = "";
			targets = (
				44E5DC701BBE242D00096DA9 /* hello */,
				44E5DC841BBE242D00096DA9 /* helloTests */,
				44E5DC8F1BBE242D00096DA9 /* helloUITests */,
			);
		};
/* End PBXProject section */

/* Begin PBXResourcesBuildPhase section */
		44E5DC6F1BBE242D00096DA9 /* Resources */ = {
			isa = PBXResourcesBuildPhase;
			buildActionMask = 2147483647;
			files = (
				44E5DC7F1BBE242D00096DA9 /* LaunchScreen.storyboard in Resources */,
				44E5DC7C1BBE242D00096DA9 /* Assets.xcassets in Resources */,
				44E5DC7A1BBE242D00096DA9 /* Main.storyboard in Resources */,
			);
			runOnlyForDeploymentPostprocessing = 0;
		};
		44E5DC831BBE242D00096DA9 /* Resources */ = {
			isa = PBXResourcesBuildPhase;
			buildActionMask = 2147483647;
			files = (
			);
			runOnlyForDeploymentPostprocessing = 0;
		};
		44E5DC8E1BBE242D00096DA9 /* Resources */ = {
			isa = PBXResourcesBuildPhase;
			buildActionMask = 2147483647;
			files = (
			);
			runOnlyForDeploymentPostprocessing = 0;
		};
/* End PBXResourcesBuildPhase section */

/* Begin PBXSourcesBuildPhase section */
		44E5DC6D1BBE242D00096DA9 /* Sources */ = {
			isa = PBXSourcesBuildPhase;
			buildActionMask = 2147483647;
			files = (
				44E5DC771BBE242D00096DA9 /* ViewController.swift in Sources */,
				44E5DC751BBE242D00096DA9 /* AppDelegate.swift in Sources */,
			);
			runOnlyForDeploymentPostprocessing = 0;
		};
		44E5DC811BBE242D00096DA9 /* Sources */ = {
			isa = PBXSourcesBuildPhase;
			buildActionMask = 2147483647;
			files = (
				44E5DC8A1BBE242D00096DA9 /* helloTests.swift in Sources */,
			);
			runOnlyForDeploymentPostprocessing = 0;
		};
		44E5DC8C1BBE242D00096DA9 /* Sources */ = {
			isa = PBXSourcesBuildPhase;
			buildActionMask = 2147483647;
			files = (
				44E5DC951BBE242D00096DA9 /* helloUITests.swift in Sources */,
			);
			runOnlyForDeploymentPostprocessing = 0;
		};
/* End PBXSourcesBuildPhase section */

/* Begin PBXTargetDependency section */
		44E5DC871BBE242D00096DA9 /* PBXTargetDependency */ = {
			isa = PBXTargetDependency;
			target = 44E5DC701BBE242D00096DA9 /* hello */;
			targetProxy = 44E5DC861BBE242D00096DA9 /* PBXContainerItemProxy */;
		};
		44E5DC921BBE242D00096DA9 /* PBXTargetDependency */ = {
			isa = PBXTargetDependency;
			target = 44E5DC701BBE242D00096DA9 /* hello */;
			targetProxy = 44E5DC911BBE242D00096DA9 /* PBXContainerItemProxy */;
		};
/* End PBXTargetDependency section */

/* Begin PBXVariantGroup section */
		44E5DC781BBE242D00096DA9 /* Main.storyboard */ = {
			isa = PBXVariantGroup;
			children = (
				44E5DC791BBE242D00096DA9 /* Base */,
			);
			name = Main.storyboard;
			sourceTree = "<group>";
		};
		44E5DC7D1BBE242D00096DA9 /* LaunchScreen.storyboard */ = {
			isa = PBXVariantGroup;
			children = (
				44E5DC7E1BBE242D00096DA9 /* Base */,
			);
			name = LaunchScreen.storyboard;
			sourceTree = "<group>";
		};
/* End PBXVariantGroup section */

/* Begin XCBuildConfiguration section */
		44E5DC971BBE242D00096DA9 /* Debug */ = {
			isa = XCBuildConfiguration;
			buildSettings = {
				ALWAYS_SEARCH_USER_PATHS = NO;
				CLANG_CXX_LANGUAGE_STANDARD = "gnu++0x";
				CLANG_CXX_LIBRARY = "libc++";
				CLANG_ENABLE_MODULES = YES;
				CLANG_ENABLE_OBJC_ARC = YES;
				CLANG_WARN_BOOL_CONVERSION = YES;
				CLANG_WARN_CONSTANT_CONVERSION = YES;
				CLANG_WARN_DIRECT_OBJC_ISA_USAGE = YES_ERROR;
				CLANG_WARN_EMPTY_BODY = YES;
				CLANG_WARN_ENUM_CONVERSION = YES;
				CLANG_WARN_INT_CONVERSION = YES;
				CLANG_WARN_OBJC_ROOT_CLASS = YES_ERROR;
				CLANG_WARN_UNREACHABLE_CODE = YES;
				CLANG_WARN__DUPLICATE_METHOD_MATCH = YES;
				"CODE_SIGN_IDENTITY[sdk=iphoneos*]" = "iPhone Developer";
				COPY_PHASE_STRIP = NO;
				DEBUG_INFORMATION_FORMAT = dwarf;
				ENABLE_STRICT_OBJC_MSGSEND = YES;
				ENABLE_TESTABILITY = YES;
				GCC_C_LANGUAGE_STANDARD = gnu99;
				GCC_DYNAMIC_NO_PIC = NO;
				GCC_NO_COMMON_BLOCKS = YES;
				GCC_OPTIMIZATION_LEVEL = 0;
				GCC_PREPROCESSOR_DEFINITIONS = (
					"DEBUG=1",
					"$(inherited)",
				);
				GCC_WARN_64_TO_32_BIT_CONVERSION = YES;
				GCC_WARN_ABOUT_RETURN_TYPE = YES_ERROR;
				GCC_WARN_UNDECLARED_SELECTOR = YES;
				GCC_WARN_UNINITIALIZED_AUTOS = YES_AGGRESSIVE;
				GCC_WARN_UNUSED_FUNCTION = YES;
				GCC_WARN_UNUSED_VARIABLE = YES;
				IPHONEOS_DEPLOYMENT_TARGET = 9.0;
				MTL_ENABLE_DEBUG_INFO = YES;
				ONLY_ACTIVE_ARCH = YES;
				SDKROOT = iphoneos;
				SWIFT_OPTIMIZATION_LEVEL = "-Onone";
				TARGETED_DEVICE_FAMILY = "1,2";
			};
			name = Debug;
		};
		44E5DC981BBE242D00096DA9 /* Release */ = {
			isa = XCBuildConfiguration;
			buildSettings = {
				ALWAYS_SEARCH_USER_PATHS = NO;
				CLANG_CXX_LANGUAGE_STANDARD = "gnu++0x";
				CLANG_CXX_LIBRARY = "libc++";
				CLANG_ENABLE_MODULES = YES;
				CLANG_ENABLE_OBJC_ARC = YES;
				CLANG_WARN_BOOL_CONVERSION = YES;
				CLANG_WARN_CONSTANT_CONVERSION = YES;
				CLANG_WARN_DIRECT_OBJC_ISA_USAGE = YES_ERROR;
				CLANG_WARN_EMPTY_BODY = YES;
				CLANG_WARN_ENUM_CONVERSION = YES;
				CLANG_WARN_INT_CONVERSION = YES;
				CLANG_WARN_OBJC_ROOT_CLASS = YES_ERROR;
				CLANG_WARN_UNREACHABLE_CODE = YES;
				CLANG_WARN__DUPLICATE_METHOD_MATCH = YES;
				"CODE_SIGN_IDENTITY[sdk=iphoneos*]" = "iPhone Developer";
				COPY_PHASE_STRIP = NO;
				DEBUG_INFORMATION_FORMAT = "dwarf-with-dsym";
				ENABLE_NS_ASSERTIONS = NO;
				ENABLE_STRICT_OBJC_MSGSEND = YES;
				GCC_C_LANGUAGE_STANDARD = gnu99;
				GCC_NO_COMMON_BLOCKS = YES;
				GCC_WARN_64_TO_32_BIT_CONVERSION = YES;
				GCC_WARN_ABOUT_RETURN_TYPE = YES_ERROR;
				GCC_WARN_UNDECLARED_SELECTOR = YES;
				GCC_WARN_UNINITIALIZED_AUTOS = YES_AGGRESSIVE;
				GCC_WARN_UNUSED_FUNCTION = YES;
				GCC_WARN_UNUSED_VARIABLE = YES;
				IPHONEOS_DEPLOYMENT_TARGET = 9.0;
				MTL_ENABLE_DEBUG_INFO = NO;
				SDKROOT = iphoneos;
				TARGETED_DEVICE_FAMILY = "1,2";
				VALIDATE_PRODUCT = YES;
			};
			name = Release;
		};
		44E5DC9A1BBE242D00096DA9 /* Debug */ = {
			isa = XCBuildConfiguration;
			buildSettings = {
				ASSETCATALOG_COMPILER_APPICON_NAME = AppIcon;
				CODE_SIGN_IDENTITY = "iPhone Developer";
				"CODE_SIGN_IDENTITY[sdk=iphoneos*]" = "iPhone Developer";
				INFOPLIST_FILE = hello/Info.plist;
				LD_RUNPATH_SEARCH_PATHS = "$(inherited) @executable_path/Frameworks";
				PRODUCT_BUNDLE_IDENTIFIER = edu.uw.mhodge16.hello;
				PRODUCT_NAME = "$(TARGET_NAME)";
				PROVISIONING_PROFILE = "";
			};
			name = Debug;
		};
		44E5DC9B1BBE242D00096DA9 /* Release */ = {
			isa = XCBuildConfiguration;
			buildSettings = {
				ASSETCATALOG_COMPILER_APPICON_NAME = AppIcon;
				CODE_SIGN_IDENTITY = "iPhone Developer";
				"CODE_SIGN_IDENTITY[sdk=iphoneos*]" = "iPhone Developer";
				INFOPLIST_FILE = hello/Info.plist;
				LD_RUNPATH_SEARCH_PATHS = "$(inherited) @executable_path/Frameworks";
				PRODUCT_BUNDLE_IDENTIFIER = edu.uw.mhodge16.hello;
				PRODUCT_NAME = "$(TARGET_NAME)";
				PROVISIONING_PROFILE = "";
			};
			name = Release;
		};
		44E5DC9D1BBE242D00096DA9 /* Debug */ = {
			isa = XCBuildConfiguration;
			buildSettings = {
				BUNDLE_LOADER = "$(TEST_HOST)";
				INFOPLIST_FILE = helloTests/Info.plist;
				LD_RUNPATH_SEARCH_PATHS = "$(inherited) @executable_path/Frameworks @loader_path/Frameworks";
				PRODUCT_BUNDLE_IDENTIFIER = edu.uw.mhodge16.helloTests;
				PRODUCT_NAME = "$(TARGET_NAME)";
				TEST_HOST = "$(BUILT_PRODUCTS_DIR)/hello.app/hello";
			};
			name = Debug;
		};
		44E5DC9E1BBE242D00096DA9 /* Release */ = {
			isa = XCBuildConfiguration;
			buildSettings = {
				BUNDLE_LOADER = "$(TEST_HOST)";
				INFOPLIST_FILE = helloTests/Info.plist;
				LD_RUNPATH_SEARCH_PATHS = "$(inherited) @executable_path/Frameworks @loader_path/Frameworks";
				PRODUCT_BUNDLE_IDENTIFIER = edu.uw.mhodge16.helloTests;
				PRODUCT_NAME = "$(TARGET_NAME)";
				TEST_HOST = "$(BUILT_PRODUCTS_DIR)/hello.app/hello";
			};
			name = Release;
		};
		44E5DCA01BBE242D00096DA9 /* Debug */ = {
			isa = XCBuildConfiguration;
			buildSettings = {
				INFOPLIST_FILE = helloUITests/Info.plist;
				LD_RUNPATH_SEARCH_PATHS = "$(inherited) @executable_path/Frameworks @loader_path/Frameworks";
				PRODUCT_BUNDLE_IDENTIFIER = edu.uw.mhodge16.helloUITests;
				PRODUCT_NAME = "$(TARGET_NAME)";
				TEST_TARGET_NAME = hello;
				USES_XCTRUNNER = YES;
			};
			name = Debug;
		};
		44E5DCA11BBE242D00096DA9 /* Release */ = {
			isa = XCBuildConfiguration;
			buildSettings = {
				INFOPLIST_FILE = helloUITests/Info.plist;
				LD_RUNPATH_SEARCH_PATHS = "$(inherited) @executable_path/Frameworks @loader_path/Frameworks";
				PRODUCT_BUNDLE_IDENTIFIER = edu.uw.mhodge16.helloUITests;
				PRODUCT_NAME = "$(TARGET_NAME)";
				TEST_TARGET_NAME = hello;
				USES_XCTRUNNER = YES;
			};
			name = Release;
		};
/* End XCBuildConfiguration section */

/* Begin XCConfigurationList section */
		44E5DC6C1BBE242D00096DA9 /* Build configuration list for PBXProject "hello" */ = {
			isa = XCConfigurationList;
			buildConfigurations = (
				44E5DC971BBE242D00096DA9 /* Debug */,
				44E5DC981BBE242D00096DA9 /* Release */,
			);
			defaultConfigurationIsVisible = 0;
			defaultConfigurationName = Release;
		};
		44E5DC991BBE242D00096DA9 /* Build configuration list for PBXNativeTarget "hello" */ = {
			isa = XCConfigurationList;
			buildConfigurations = (
				44E5DC9A1BBE242D00096DA9 /* Debug */,
				44E5DC9B1BBE242D00096DA9 /* Release */,
			);
			defaultConfigurationIsVisible = 0;
			defaultConfigurationName = Release;
		};
		44E5DC9C1BBE242D00096DA9 /* Build configuration list for PBXNativeTarget "helloTests" */ = {
			isa = XCConfigurationList;
			buildConfigurations = (
				44E5DC9D1BBE242D00096DA9 /* Debug */,
				44E5DC9E1BBE242D00096DA9 /* Release */,
			);
			defaultConfigurationIsVisible = 0;
			defaultConfigurationName = Release;
		};
		44E5DC9F1BBE242D00096DA9 /* Build configuration list for PBXNativeTarget "helloUITests" */ = {
			isa = XCConfigurationList;
			buildConfigurations = (
				44E5DCA01BBE242D00096DA9 /* Debug */,
				44E5DCA11BBE242D00096DA9 /* Release */,
			);
			defaultConfigurationIsVisible = 0;
			defaultConfigurationName = Release;
		};
/* End XCConfigurationList section */
	};
	rootObject = 44E5DC691BBE242D00096DA9 /* Project object */;
}
